// !$*UTF8*$!
{
	archiveVersion = 1;
	classes = {
	};
	objectVersion = 46;
	objects = {

/* Begin PBXBuildFile section */
		9408CF4F15AF284B0060D129 /* QuartzCore.framework in Frameworks */ = {isa = PBXBuildFile; fileRef = 9408CF4E15AF284B0060D129 /* QuartzCore.framework */; };
		9408CF5115AF820D0060D129 /* VertexShader.glsl in Resources */ = {isa = PBXBuildFile; fileRef = 9408CF5015AF820D0060D129 /* VertexShader.glsl */; };
		9408CF5315AF84AA0060D129 /* FragmentShader.glsl in Resources */ = {isa = PBXBuildFile; fileRef = 9408CF5215AF84AA0060D129 /* FragmentShader.glsl */; };
		9408CF6915B0AA130060D129 /* RootViewController.m in Sources */ = {isa = PBXBuildFile; fileRef = 9408CF6815B0AA120060D129 /* RootViewController.m */; };
		943EFA8D15A2249F00CBDE20 /* UIKit.framework in Frameworks */ = {isa = PBXBuildFile; fileRef = 943EFA8C15A2249F00CBDE20 /* UIKit.framework */; };
		943EFA8F15A2249F00CBDE20 /* Foundation.framework in Frameworks */ = {isa = PBXBuildFile; fileRef = 943EFA8E15A2249F00CBDE20 /* Foundation.framework */; };
		943EFA9115A2249F00CBDE20 /* CoreGraphics.framework in Frameworks */ = {isa = PBXBuildFile; fileRef = 943EFA9015A2249F00CBDE20 /* CoreGraphics.framework */; };
		943EFA9715A224A000CBDE20 /* InfoPlist.strings in Resources */ = {isa = PBXBuildFile; fileRef = 943EFA9515A224A000CBDE20 /* InfoPlist.strings */; };
		943EFA9915A224A000CBDE20 /* main.m in Sources */ = {isa = PBXBuildFile; fileRef = 943EFA9815A224A000CBDE20 /* main.m */; };
		943EFA9D15A224A000CBDE20 /* AppDelegate.m in Sources */ = {isa = PBXBuildFile; fileRef = 943EFA9C15A224A000CBDE20 /* AppDelegate.m */; };
		943EFAA715A2257A00CBDE20 /* NKSModel.m in Sources */ = {isa = PBXBuildFile; fileRef = 943EFAA615A2257A00CBDE20 /* NKSModel.m */; };
		943EFAAA15A5EE1000CBDE20 /* TestViewController.m in Sources */ = {isa = PBXBuildFile; fileRef = 943EFAA915A5EE1000CBDE20 /* TestViewController.m */; };
		943EFAAC15A5EE3000CBDE20 /* GLKit.framework in Frameworks */ = {isa = PBXBuildFile; fileRef = 943EFAAB15A5EE3000CBDE20 /* GLKit.framework */; };
		943EFAAE15A5EE4800CBDE20 /* OpenGLES.framework in Frameworks */ = {isa = PBXBuildFile; fileRef = 943EFAAD15A5EE4800CBDE20 /* OpenGLES.framework */; };
		943EFAB115A618DA00CBDE20 /* ColorModel.m in Sources */ = {isa = PBXBuildFile; fileRef = 943EFAB015A618DA00CBDE20 /* ColorModel.m */; };
		9492351815B469A400296477 /* ColorPickerViewController.m in Sources */ = {isa = PBXBuildFile; fileRef = 9492351715B469A400296477 /* ColorPickerViewController.m */; };
		9492351C15B469E200296477 /* SimpleColorWheel-iPad.png in Resources */ = {isa = PBXBuildFile; fileRef = 9492351A15B469E200296477 /* SimpleColorWheel-iPad.png */; };
		9492351D15B469E200296477 /* SimpleColorWheel-iPad@2x.png in Resources */ = {isa = PBXBuildFile; fileRef = 9492351B15B469E200296477 /* SimpleColorWheel-iPad@2x.png */; };
/* End PBXBuildFile section */

/* Begin PBXFileReference section */
		9408CF4E15AF284B0060D129 /* QuartzCore.framework */ = {isa = PBXFileReference; lastKnownFileType = wrapper.framework; name = QuartzCore.framework; path = System/Library/Frameworks/QuartzCore.framework; sourceTree = SDKROOT; };
		9408CF5015AF820D0060D129 /* VertexShader.glsl */ = {isa = PBXFileReference; fileEncoding = 4; lastKnownFileType = text; path = VertexShader.glsl; sourceTree = "<group>"; };
		9408CF5215AF84AA0060D129 /* FragmentShader.glsl */ = {isa = PBXFileReference; fileEncoding = 4; lastKnownFileType = text; path = FragmentShader.glsl; sourceTree = "<group>"; };
		9408CF6715B0AA120060D129 /* RootViewController.h */ = {isa = PBXFileReference; fileEncoding = 4; lastKnownFileType = sourcecode.c.h; name = RootViewController.h; path = ViewControllers/RootViewController.h; sourceTree = "<group>"; };
		9408CF6815B0AA120060D129 /* RootViewController.m */ = {isa = PBXFileReference; fileEncoding = 4; lastKnownFileType = sourcecode.c.objc; name = RootViewController.m; path = ViewControllers/RootViewController.m; sourceTree = "<group>"; };
		943EFA8815A2249F00CBDE20 /* NKS.app */ = {isa = PBXFileReference; explicitFileType = wrapper.application; includeInIndex = 0; path = NKS.app; sourceTree = BUILT_PRODUCTS_DIR; };
		943EFA8C15A2249F00CBDE20 /* UIKit.framework */ = {isa = PBXFileReference; lastKnownFileType = wrapper.framework; name = UIKit.framework; path = System/Library/Frameworks/UIKit.framework; sourceTree = SDKROOT; };
		943EFA8E15A2249F00CBDE20 /* Foundation.framework */ = {isa = PBXFileReference; lastKnownFileType = wrapper.framework; name = Foundation.framework; path = System/Library/Frameworks/Foundation.framework; sourceTree = SDKROOT; };
		943EFA9015A2249F00CBDE20 /* CoreGraphics.framework */ = {isa = PBXFileReference; lastKnownFileType = wrapper.framework; name = CoreGraphics.framework; path = System/Library/Frameworks/CoreGraphics.framework; sourceTree = SDKROOT; };
		943EFA9415A224A000CBDE20 /* NKS-Info.plist */ = {isa = PBXFileReference; lastKnownFileType = text.plist.xml; path = "NKS-Info.plist"; sourceTree = "<group>"; };
		943EFA9615A224A000CBDE20 /* en */ = {isa = PBXFileReference; lastKnownFileType = text.plist.strings; name = en; path = en.lproj/InfoPlist.strings; sourceTree = "<group>"; };
		943EFA9815A224A000CBDE20 /* main.m */ = {isa = PBXFileReference; lastKnownFileType = sourcecode.c.objc; path = main.m; sourceTree = "<group>"; };
		943EFA9A15A224A000CBDE20 /* NKS-Prefix.pch */ = {isa = PBXFileReference; lastKnownFileType = sourcecode.c.h; path = "NKS-Prefix.pch"; sourceTree = "<group>"; };
		943EFA9B15A224A000CBDE20 /* AppDelegate.h */ = {isa = PBXFileReference; lastKnownFileType = sourcecode.c.h; path = AppDelegate.h; sourceTree = "<group>"; };
		943EFA9C15A224A000CBDE20 /* AppDelegate.m */ = {isa = PBXFileReference; lastKnownFileType = sourcecode.c.objc; path = AppDelegate.m; sourceTree = "<group>"; };
		943EFAA515A2257A00CBDE20 /* NKSModel.h */ = {isa = PBXFileReference; fileEncoding = 4; lastKnownFileType = sourcecode.c.h; name = NKSModel.h; path = Models/NKSModel.h; sourceTree = "<group>"; };
		943EFAA615A2257A00CBDE20 /* NKSModel.m */ = {isa = PBXFileReference; fileEncoding = 4; lastKnownFileType = sourcecode.c.objc; name = NKSModel.m; path = Models/NKSModel.m; sourceTree = "<group>"; };
		943EFAA815A5EE1000CBDE20 /* TestViewController.h */ = {isa = PBXFileReference; fileEncoding = 4; lastKnownFileType = sourcecode.c.h; name = TestViewController.h; path = ViewControllers/TestViewController.h; sourceTree = "<group>"; };
		943EFAA915A5EE1000CBDE20 /* TestViewController.m */ = {isa = PBXFileReference; fileEncoding = 4; lastKnownFileType = sourcecode.c.objc; name = TestViewController.m; path = ViewControllers/TestViewController.m; sourceTree = "<group>"; };
		943EFAAB15A5EE3000CBDE20 /* GLKit.framework */ = {isa = PBXFileReference; lastKnownFileType = wrapper.framework; name = GLKit.framework; path = System/Library/Frameworks/GLKit.framework; sourceTree = SDKROOT; };
		943EFAAD15A5EE4800CBDE20 /* OpenGLES.framework */ = {isa = PBXFileReference; lastKnownFileType = wrapper.framework; name = OpenGLES.framework; path = System/Library/Frameworks/OpenGLES.framework; sourceTree = SDKROOT; };
		943EFAAF15A618D900CBDE20 /* ColorModel.h */ = {isa = PBXFileReference; fileEncoding = 4; lastKnownFileType = sourcecode.c.h; name = ColorModel.h; path = Models/ColorModel.h; sourceTree = "<group>"; };
		943EFAB015A618DA00CBDE20 /* ColorModel.m */ = {isa = PBXFileReference; fileEncoding = 4; lastKnownFileType = sourcecode.c.objc; name = ColorModel.m; path = Models/ColorModel.m; sourceTree = "<group>"; };
		9492351615B469A400296477 /* ColorPickerViewController.h */ = {isa = PBXFileReference; fileEncoding = 4; lastKnownFileType = sourcecode.c.h; name = ColorPickerViewController.h; path = ViewControllers/ColorPickerViewController.h; sourceTree = "<group>"; };
		9492351715B469A400296477 /* ColorPickerViewController.m */ = {isa = PBXFileReference; fileEncoding = 4; lastKnownFileType = sourcecode.c.objc; name = ColorPickerViewController.m; path = ViewControllers/ColorPickerViewController.m; sourceTree = "<group>"; };
		9492351A15B469E200296477 /* SimpleColorWheel-iPad.png */ = {isa = PBXFileReference; lastKnownFileType = image.png; name = "SimpleColorWheel-iPad.png"; path = "Images/SimpleColorWheel-iPad.png"; sourceTree = "<group>"; };
		9492351B15B469E200296477 /* SimpleColorWheel-iPad@2x.png */ = {isa = PBXFileReference; lastKnownFileType = image.png; name = "SimpleColorWheel-iPad@2x.png"; path = "Images/SimpleColorWheel-iPad@2x.png"; sourceTree = "<group>"; };
/* End PBXFileReference section */

/* Begin PBXFrameworksBuildPhase section */
		943EFA8515A2249F00CBDE20 /* Frameworks */ = {
			isa = PBXFrameworksBuildPhase;
			buildActionMask = 2147483647;
			files = (
				9408CF4F15AF284B0060D129 /* QuartzCore.framework in Frameworks */,
				943EFAAE15A5EE4800CBDE20 /* OpenGLES.framework in Frameworks */,
				943EFAAC15A5EE3000CBDE20 /* GLKit.framework in Frameworks */,
				943EFA8D15A2249F00CBDE20 /* UIKit.framework in Frameworks */,
				943EFA8F15A2249F00CBDE20 /* Foundation.framework in Frameworks */,
				943EFA9115A2249F00CBDE20 /* CoreGraphics.framework in Frameworks */,
			);
			runOnlyForDeploymentPostprocessing = 0;
		};
/* End PBXFrameworksBuildPhase section */

/* Begin PBXGroup section */
		943EFA7D15A2249C00CBDE20 = {
			isa = PBXGroup;
			children = (
				9408CF4E15AF284B0060D129 /* QuartzCore.framework */,
				943EFAAD15A5EE4800CBDE20 /* OpenGLES.framework */,
				943EFAAB15A5EE3000CBDE20 /* GLKit.framework */,
				943EFA9215A2249F00CBDE20 /* NKS */,
				943EFA8B15A2249F00CBDE20 /* Frameworks */,
				943EFA8915A2249F00CBDE20 /* Products */,
			);
			sourceTree = "<group>";
		};
		943EFA8915A2249F00CBDE20 /* Products */ = {
			isa = PBXGroup;
			children = (
				943EFA8815A2249F00CBDE20 /* NKS.app */,
			);
			name = Products;
			sourceTree = "<group>";
		};
		943EFA8B15A2249F00CBDE20 /* Frameworks */ = {
			isa = PBXGroup;
			children = (
				943EFA8C15A2249F00CBDE20 /* UIKit.framework */,
				943EFA8E15A2249F00CBDE20 /* Foundation.framework */,
				943EFA9015A2249F00CBDE20 /* CoreGraphics.framework */,
			);
			name = Frameworks;
			sourceTree = "<group>";
		};
		943EFA9215A2249F00CBDE20 /* NKS */ = {
			isa = PBXGroup;
			children = (
				9492351915B469AF00296477 /* Images */,
				943EFAA415A224C800CBDE20 /* Models */,
				943EFAA315A224BF00CBDE20 /* ViewControllers */,
				943EFA9B15A224A000CBDE20 /* AppDelegate.h */,
				943EFA9C15A224A000CBDE20 /* AppDelegate.m */,
				943EFA9315A224A000CBDE20 /* Supporting Files */,
				9408CF5015AF820D0060D129 /* VertexShader.glsl */,
				9408CF5215AF84AA0060D129 /* FragmentShader.glsl */,
			);
			path = NKS;
			sourceTree = "<group>";
		};
		943EFA9315A224A000CBDE20 /* Supporting Files */ = {
			isa = PBXGroup;
			children = (
				943EFA9415A224A000CBDE20 /* NKS-Info.plist */,
				943EFA9515A224A000CBDE20 /* InfoPlist.strings */,
				943EFA9815A224A000CBDE20 /* main.m */,
				943EFA9A15A224A000CBDE20 /* NKS-Prefix.pch */,
			);
			name = "Supporting Files";
			sourceTree = "<group>";
		};
		943EFAA315A224BF00CBDE20 /* ViewControllers */ = {
			isa = PBXGroup;
			children = (
				943EFAA815A5EE1000CBDE20 /* TestViewController.h */,
				943EFAA915A5EE1000CBDE20 /* TestViewController.m */,
				9492351615B469A400296477 /* ColorPickerViewController.h */,
				9492351715B469A400296477 /* ColorPickerViewController.m */,
				9408CF6715B0AA120060D129 /* RootViewController.h */,
				9408CF6815B0AA120060D129 /* RootViewController.m */,
			);
			name = ViewControllers;
			sourceTree = "<group>";
		};
		943EFAA415A224C800CBDE20 /* Models */ = {
			isa = PBXGroup;
			children = (
				943EFAA515A2257A00CBDE20 /* NKSModel.h */,
				943EFAA615A2257A00CBDE20 /* NKSModel.m */,
				943EFAAF15A618D900CBDE20 /* ColorModel.h */,
				943EFAB015A618DA00CBDE20 /* ColorModel.m */,
			);
			name = Models;
			sourceTree = "<group>";
		};
		9492351915B469AF00296477 /* Images */ = {
			isa = PBXGroup;
			children = (
				9492351A15B469E200296477 /* SimpleColorWheel-iPad.png */,
				9492351B15B469E200296477 /* SimpleColorWheel-iPad@2x.png */,
			);
			name = Images;
			sourceTree = "<group>";
		};
/* End PBXGroup section */

/* Begin PBXNativeTarget section */
		943EFA8715A2249F00CBDE20 /* NKS */ = {
			isa = PBXNativeTarget;
			buildConfigurationList = 943EFAA015A224A000CBDE20 /* Build configuration list for PBXNativeTarget "NKS" */;
			buildPhases = (
				943EFA8415A2249F00CBDE20 /* Sources */,
				943EFA8515A2249F00CBDE20 /* Frameworks */,
				943EFA8615A2249F00CBDE20 /* Resources */,
			);
			buildRules = (
			);
			dependencies = (
			);
			name = NKS;
			productName = NKS;
			productReference = 943EFA8815A2249F00CBDE20 /* NKS.app */;
			productType = "com.apple.product-type.application";
		};
/* End PBXNativeTarget section */

/* Begin PBXProject section */
		943EFA7F15A2249D00CBDE20 /* Project object */ = {
			isa = PBXProject;
			attributes = {
				LastUpgradeCheck = 0430;
				ORGANIZATIONNAME = "Ryan Luce";
			};
			buildConfigurationList = 943EFA8215A2249D00CBDE20 /* Build configuration list for PBXProject "NKS" */;
			compatibilityVersion = "Xcode 3.2";
			developmentRegion = English;
			hasScannedForEncodings = 0;
			knownRegions = (
				en,
			);
			mainGroup = 943EFA7D15A2249C00CBDE20;
			productRefGroup = 943EFA8915A2249F00CBDE20 /* Products */;
			projectDirPath = "";
			projectRoot = "";
			targets = (
				943EFA8715A2249F00CBDE20 /* NKS */,
			);
		};
/* End PBXProject section */

/* Begin PBXResourcesBuildPhase section */
		943EFA8615A2249F00CBDE20 /* Resources */ = {
			isa = PBXResourcesBuildPhase;
			buildActionMask = 2147483647;
			files = (
				943EFA9715A224A000CBDE20 /* InfoPlist.strings in Resources */,
				9408CF5115AF820D0060D129 /* VertexShader.glsl in Resources */,
				9408CF5315AF84AA0060D129 /* FragmentShader.glsl in Resources */,
				9492351C15B469E200296477 /* SimpleColorWheel-iPad.png in Resources */,
				9492351D15B469E200296477 /* SimpleColorWheel-iPad@2x.png in Resources */,
			);
			runOnlyForDeploymentPostprocessing = 0;
		};
/* End PBXResourcesBuildPhase section */

/* Begin PBXSourcesBuildPhase section */
		943EFA8415A2249F00CBDE20 /* Sources */ = {
			isa = PBXSourcesBuildPhase;
			buildActionMask = 2147483647;
			files = (
				943EFA9915A224A000CBDE20 /* main.m in Sources */,
				943EFA9D15A224A000CBDE20 /* AppDelegate.m in Sources */,
				943EFAA715A2257A00CBDE20 /* NKSModel.m in Sources */,
				943EFAAA15A5EE1000CBDE20 /* TestViewController.m in Sources */,
				943EFAB115A618DA00CBDE20 /* ColorModel.m in Sources */,
				9408CF6915B0AA130060D129 /* RootViewController.m in Sources */,
				9492351815B469A400296477 /* ColorPickerViewController.m in Sources */,
			);
			runOnlyForDeploymentPostprocessing = 0;
		};
/* End PBXSourcesBuildPhase section */

/* Begin PBXVariantGroup section */
		943EFA9515A224A000CBDE20 /* InfoPlist.strings */ = {
			isa = PBXVariantGroup;
			children = (
				943EFA9615A224A000CBDE20 /* en */,
			);
			name = InfoPlist.strings;
			sourceTree = "<group>";
		};
/* End PBXVariantGroup section */

/* Begin XCBuildConfiguration section */
		943EFA9E15A224A000CBDE20 /* Debug */ = {
			isa = XCBuildConfiguration;
			buildSettings = {
				ALWAYS_SEARCH_USER_PATHS = NO;
				ARCHS = "$(ARCHS_STANDARD_32_BIT)";
				CLANG_ENABLE_OBJC_ARC = YES;
				"CODE_SIGN_IDENTITY[sdk=iphoneos*]" = "iPhone Developer";
				COPY_PHASE_STRIP = NO;
				GCC_C_LANGUAGE_STANDARD = gnu99;
				GCC_DYNAMIC_NO_PIC = NO;
				GCC_OPTIMIZATION_LEVEL = 0;
				GCC_PREPROCESSOR_DEFINITIONS = (
					"DEBUG=1",
					"$(inherited)",
				);
				GCC_SYMBOLS_PRIVATE_EXTERN = NO;
				GCC_VERSION = com.apple.compilers.llvm.clang.1_0;
				GCC_WARN_ABOUT_RETURN_TYPE = YES;
				GCC_WARN_UNINITIALIZED_AUTOS = YES;
				GCC_WARN_UNUSED_VARIABLE = YES;
				IPHONEOS_DEPLOYMENT_TARGET = 5.0;
				SDKROOT = iphoneos;
				TARGETED_DEVICE_FAMILY = 2;
			};
			name = Debug;
		};
		943EFA9F15A224A000CBDE20 /* Release */ = {
			isa = XCBuildConfiguration;
			buildSettings = {
				ALWAYS_SEARCH_USER_PATHS = NO;
				ARCHS = "$(ARCHS_STANDARD_32_BIT)";
				CLANG_ENABLE_OBJC_ARC = YES;
				"CODE_SIGN_IDENTITY[sdk=iphoneos*]" = "iPhone Developer";
				COPY_PHASE_STRIP = YES;
				GCC_C_LANGUAGE_STANDARD = gnu99;
				GCC_VERSION = com.apple.compilers.llvm.clang.1_0;
				GCC_WARN_ABOUT_RETURN_TYPE = YES;
				GCC_WARN_UNINITIALIZED_AUTOS = YES;
				GCC_WARN_UNUSED_VARIABLE = YES;
				IPHONEOS_DEPLOYMENT_TARGET = 5.0;
				OTHER_CFLAGS = "-DNS_BLOCK_ASSERTIONS=1";
				SDKROOT = iphoneos;
				TARGETED_DEVICE_FAMILY = 2;
				VALIDATE_PRODUCT = YES;
			};
			name = Release;
		};
		943EFAA115A224A000CBDE20 /* Debug */ = {
			isa = XCBuildConfiguration;
			buildSettings = {
				GCC_PRECOMPILE_PREFIX_HEADER = YES;
				GCC_PREFIX_HEADER = "NKS/NKS-Prefix.pch";
				INFOPLIST_FILE = "NKS/NKS-Info.plist";
				PRODUCT_NAME = "$(TARGET_NAME)";
				WRAPPER_EXTENSION = app;
			};
			name = Debug;
		};
		943EFAA215A224A000CBDE20 /* Release */ = {
			isa = XCBuildConfiguration;
			buildSettings = {
				GCC_PRECOMPILE_PREFIX_HEADER = YES;
				GCC_PREFIX_HEADER = "NKS/NKS-Prefix.pch";
				INFOPLIST_FILE = "NKS/NKS-Info.plist";
				PRODUCT_NAME = "$(TARGET_NAME)";
				WRAPPER_EXTENSION = app;
			};
			name = Release;
		};
/* End XCBuildConfiguration section */

/* Begin XCConfigurationList section */
		943EFA8215A2249D00CBDE20 /* Build configuration list for PBXProject "NKS" */ = {
			isa = XCConfigurationList;
			buildConfigurations = (
				943EFA9E15A224A000CBDE20 /* Debug */,
				943EFA9F15A224A000CBDE20 /* Release */,
			);
			defaultConfigurationIsVisible = 0;
			defaultConfigurationName = Release;
		};
		943EFAA015A224A000CBDE20 /* Build configuration list for PBXNativeTarget "NKS" */ = {
			isa = XCConfigurationList;
			buildConfigurations = (
				943EFAA115A224A000CBDE20 /* Debug */,
				943EFAA215A224A000CBDE20 /* Release */,
			);
			defaultConfigurationIsVisible = 0;
			defaultConfigurationName = Release;
		};
/* End XCConfigurationList section */
	};
	rootObject = 943EFA7F15A2249D00CBDE20 /* Project object */;
}
